// !$*UTF8*$!
{
	archiveVersion = 1;
	classes = {
	};
	objectVersion = 56;
	objects = {

/* Begin PBXBuildFile section */
		730981282954B3E100249EB0 /* AssetsManager.swift in Sources */ = {isa = PBXBuildFile; fileRef = 730981272954B3E100249EB0 /* AssetsManager.swift */; };
		7309812D2954BD6B00249EB0 /* Localizable.strings in Resources */ = {isa = PBXBuildFile; fileRef = 7309812F2954BD6B00249EB0 /* Localizable.strings */; };
		730981322954BDE800249EB0 /* LocalizableManager.swift in Sources */ = {isa = PBXBuildFile; fileRef = 730981312954BDE800249EB0 /* LocalizableManager.swift */; };
		730981352954C43600249EB0 /* CoreTabBarController.swift in Sources */ = {isa = PBXBuildFile; fileRef = 730981342954C43600249EB0 /* CoreTabBarController.swift */; };
		7309813A2954C63C00249EB0 /* HomeViewController.swift in Sources */ = {isa = PBXBuildFile; fileRef = 730981382954C63C00249EB0 /* HomeViewController.swift */; };
		7309813B2954C63C00249EB0 /* HomeViewController.xib in Resources */ = {isa = PBXBuildFile; fileRef = 730981392954C63C00249EB0 /* HomeViewController.xib */; };
		7309813F2954C67500249EB0 /* LovedViewController.swift in Sources */ = {isa = PBXBuildFile; fileRef = 7309813D2954C67500249EB0 /* LovedViewController.swift */; };
		730981402954C67500249EB0 /* LovedViewController.xib in Resources */ = {isa = PBXBuildFile; fileRef = 7309813E2954C67500249EB0 /* LovedViewController.xib */; };
		730981432954C68800249EB0 /* CartViewController.swift in Sources */ = {isa = PBXBuildFile; fileRef = 730981412954C68800249EB0 /* CartViewController.swift */; };
		730981442954C68800249EB0 /* CartViewController.xib in Resources */ = {isa = PBXBuildFile; fileRef = 730981422954C68800249EB0 /* CartViewController.xib */; };
		730981472954C69E00249EB0 /* NotificationViewController.swift in Sources */ = {isa = PBXBuildFile; fileRef = 730981452954C69E00249EB0 /* NotificationViewController.swift */; };
		730981482954C69E00249EB0 /* NotificationViewController.xib in Resources */ = {isa = PBXBuildFile; fileRef = 730981462954C69E00249EB0 /* NotificationViewController.xib */; };
		7309814B2954C6AF00249EB0 /* ProfileViewController.swift in Sources */ = {isa = PBXBuildFile; fileRef = 730981492954C6AF00249EB0 /* ProfileViewController.swift */; };
		7309814C2954C6AF00249EB0 /* ProfileViewController.xib in Resources */ = {isa = PBXBuildFile; fileRef = 7309814A2954C6AF00249EB0 /* ProfileViewController.xib */; };
		730981512955F4A600249EB0 /* FindTheBestTableViewCell.swift in Sources */ = {isa = PBXBuildFile; fileRef = 7309814F2955F4A500249EB0 /* FindTheBestTableViewCell.swift */; };
		730981522955F4A600249EB0 /* FindTheBestTableViewCell.xib in Resources */ = {isa = PBXBuildFile; fileRef = 730981502955F4A500249EB0 /* FindTheBestTableViewCell.xib */; };
		7309815429560E0100249EB0 /* +UITextFiled.swift in Sources */ = {isa = PBXBuildFile; fileRef = 7309815329560E0100249EB0 /* +UITextFiled.swift */; };
		730AEE6E2954A36800291946 /* AppDelegate.swift in Sources */ = {isa = PBXBuildFile; fileRef = 730AEE6D2954A36800291946 /* AppDelegate.swift */; };
		730AEE702954A36800291946 /* SceneDelegate.swift in Sources */ = {isa = PBXBuildFile; fileRef = 730AEE6F2954A36800291946 /* SceneDelegate.swift */; };
		730AEE772954A36900291946 /* Assets.xcassets in Resources */ = {isa = PBXBuildFile; fileRef = 730AEE762954A36900291946 /* Assets.xcassets */; };
		730AEE7A2954A36900291946 /* LaunchScreen.storyboard in Resources */ = {isa = PBXBuildFile; fileRef = 730AEE782954A36900291946 /* LaunchScreen.storyboard */; };
		730AEE852954A36900291946 /* CoffeAppUIKitTests.swift in Sources */ = {isa = PBXBuildFile; fileRef = 730AEE842954A36900291946 /* CoffeAppUIKitTests.swift */; };
		730AEE8F2954A36900291946 /* CoffeAppUIKitUITests.swift in Sources */ = {isa = PBXBuildFile; fileRef = 730AEE8E2954A36900291946 /* CoffeAppUIKitUITests.swift */; };
		730AEE912954A36900291946 /* CoffeAppUIKitUITestsLaunchTests.swift in Sources */ = {isa = PBXBuildFile; fileRef = 730AEE902954A36900291946 /* CoffeAppUIKitUITestsLaunchTests.swift */; };
		730AEEA42954A7CC00291946 /* ColorManager.swift in Sources */ = {isa = PBXBuildFile; fileRef = 730AEEA32954A7CC00291946 /* ColorManager.swift */; };
		730AEEA72954ABFB00291946 /* +UIColor.swift in Sources */ = {isa = PBXBuildFile; fileRef = 730AEEA62954ABFB00291946 /* +UIColor.swift */; };
		730AEEAA2954AF3E00291946 /* WelcomeViewController.swift in Sources */ = {isa = PBXBuildFile; fileRef = 730AEEA82954AF3E00291946 /* WelcomeViewController.swift */; };
		730AEEAB2954AF3E00291946 /* WelcomeViewController.xib in Resources */ = {isa = PBXBuildFile; fileRef = 730AEEA92954AF3E00291946 /* WelcomeViewController.xib */; };
		73B0AF99295645E00068AFD5 /* CoffeesTableViewCell.swift in Sources */ = {isa = PBXBuildFile; fileRef = 73B0AF97295645E00068AFD5 /* CoffeesTableViewCell.swift */; };
		73B0AF9A295645E00068AFD5 /* CoffeesTableViewCell.xib in Resources */ = {isa = PBXBuildFile; fileRef = 73B0AF98295645E00068AFD5 /* CoffeesTableViewCell.xib */; };
		73FFD85A2958AA200062ABBA /* CoffeView.swift in Sources */ = {isa = PBXBuildFile; fileRef = 73FFD8592958AA200062ABBA /* CoffeView.swift */; };
		73FFD85C2958BAB20062ABBA /* Coffee.swift in Sources */ = {isa = PBXBuildFile; fileRef = 73FFD85B2958BAB20062ABBA /* Coffee.swift */; };
		73FFD85E2958BDA60062ABBA /* CoffeeScrollView.swift in Sources */ = {isa = PBXBuildFile; fileRef = 73FFD85D2958BDA60062ABBA /* CoffeeScrollView.swift */; };
/* End PBXBuildFile section */

/* Begin PBXContainerItemProxy section */
		730AEE812954A36900291946 /* PBXContainerItemProxy */ = {
			isa = PBXContainerItemProxy;
			containerPortal = 730AEE622954A36800291946 /* Project object */;
			proxyType = 1;
			remoteGlobalIDString = 730AEE692954A36800291946;
			remoteInfo = CoffeAppUIKit;
		};
		730AEE8B2954A36900291946 /* PBXContainerItemProxy */ = {
			isa = PBXContainerItemProxy;
			containerPortal = 730AEE622954A36800291946 /* Project object */;
			proxyType = 1;
			remoteGlobalIDString = 730AEE692954A36800291946;
			remoteInfo = CoffeAppUIKit;
		};
/* End PBXContainerItemProxy section */

/* Begin PBXFileReference section */
		730981272954B3E100249EB0 /* AssetsManager.swift */ = {isa = PBXFileReference; lastKnownFileType = sourcecode.swift; path = AssetsManager.swift; sourceTree = "<group>"; };
		730981292954BCDD00249EB0 /* ar */ = {isa = PBXFileReference; lastKnownFileType = text.plist.strings; name = ar; path = ar.lproj/LaunchScreen.strings; sourceTree = "<group>"; };
		7309812E2954BD6B00249EB0 /* ar */ = {isa = PBXFileReference; lastKnownFileType = text.plist.strings; name = ar; path = ar.lproj/Localizable.strings; sourceTree = "<group>"; };
		730981302954BD6E00249EB0 /* en */ = {isa = PBXFileReference; lastKnownFileType = text.plist.strings; name = en; path = en.lproj/Localizable.strings; sourceTree = "<group>"; };
		730981312954BDE800249EB0 /* LocalizableManager.swift */ = {isa = PBXFileReference; lastKnownFileType = sourcecode.swift; path = LocalizableManager.swift; sourceTree = "<group>"; };
		730981342954C43600249EB0 /* CoreTabBarController.swift */ = {isa = PBXFileReference; lastKnownFileType = sourcecode.swift; path = CoreTabBarController.swift; sourceTree = "<group>"; };
		730981382954C63C00249EB0 /* HomeViewController.swift */ = {isa = PBXFileReference; lastKnownFileType = sourcecode.swift; path = HomeViewController.swift; sourceTree = "<group>"; };
		730981392954C63C00249EB0 /* HomeViewController.xib */ = {isa = PBXFileReference; lastKnownFileType = file.xib; path = HomeViewController.xib; sourceTree = "<group>"; };
		7309813D2954C67500249EB0 /* LovedViewController.swift */ = {isa = PBXFileReference; lastKnownFileType = sourcecode.swift; path = LovedViewController.swift; sourceTree = "<group>"; };
		7309813E2954C67500249EB0 /* LovedViewController.xib */ = {isa = PBXFileReference; lastKnownFileType = file.xib; path = LovedViewController.xib; sourceTree = "<group>"; };
		730981412954C68800249EB0 /* CartViewController.swift */ = {isa = PBXFileReference; lastKnownFileType = sourcecode.swift; path = CartViewController.swift; sourceTree = "<group>"; };
		730981422954C68800249EB0 /* CartViewController.xib */ = {isa = PBXFileReference; lastKnownFileType = file.xib; path = CartViewController.xib; sourceTree = "<group>"; };
		730981452954C69E00249EB0 /* NotificationViewController.swift */ = {isa = PBXFileReference; lastKnownFileType = sourcecode.swift; path = NotificationViewController.swift; sourceTree = "<group>"; };
		730981462954C69E00249EB0 /* NotificationViewController.xib */ = {isa = PBXFileReference; lastKnownFileType = file.xib; path = NotificationViewController.xib; sourceTree = "<group>"; };
		730981492954C6AF00249EB0 /* ProfileViewController.swift */ = {isa = PBXFileReference; lastKnownFileType = sourcecode.swift; path = ProfileViewController.swift; sourceTree = "<group>"; };
		7309814A2954C6AF00249EB0 /* ProfileViewController.xib */ = {isa = PBXFileReference; lastKnownFileType = file.xib; path = ProfileViewController.xib; sourceTree = "<group>"; };
		7309814F2955F4A500249EB0 /* FindTheBestTableViewCell.swift */ = {isa = PBXFileReference; lastKnownFileType = sourcecode.swift; path = FindTheBestTableViewCell.swift; sourceTree = "<group>"; };
		730981502955F4A500249EB0 /* FindTheBestTableViewCell.xib */ = {isa = PBXFileReference; lastKnownFileType = file.xib; path = FindTheBestTableViewCell.xib; sourceTree = "<group>"; };
		7309815329560E0100249EB0 /* +UITextFiled.swift */ = {isa = PBXFileReference; lastKnownFileType = sourcecode.swift; path = "+UITextFiled.swift"; sourceTree = "<group>"; };
		730AEE6A2954A36800291946 /* CoffeAppUIKit.app */ = {isa = PBXFileReference; explicitFileType = wrapper.application; includeInIndex = 0; path = CoffeAppUIKit.app; sourceTree = BUILT_PRODUCTS_DIR; };
		730AEE6D2954A36800291946 /* AppDelegate.swift */ = {isa = PBXFileReference; lastKnownFileType = sourcecode.swift; path = AppDelegate.swift; sourceTree = "<group>"; };
		730AEE6F2954A36800291946 /* SceneDelegate.swift */ = {isa = PBXFileReference; lastKnownFileType = sourcecode.swift; path = SceneDelegate.swift; sourceTree = "<group>"; };
		730AEE762954A36900291946 /* Assets.xcassets */ = {isa = PBXFileReference; lastKnownFileType = folder.assetcatalog; path = Assets.xcassets; sourceTree = "<group>"; };
		730AEE792954A36900291946 /* Base */ = {isa = PBXFileReference; lastKnownFileType = file.storyboard; name = Base; path = Base.lproj/LaunchScreen.storyboard; sourceTree = "<group>"; };
		730AEE7B2954A36900291946 /* Info.plist */ = {isa = PBXFileReference; lastKnownFileType = text.plist.xml; path = Info.plist; sourceTree = "<group>"; };
		730AEE802954A36900291946 /* CoffeAppUIKitTests.xctest */ = {isa = PBXFileReference; explicitFileType = wrapper.cfbundle; includeInIndex = 0; path = CoffeAppUIKitTests.xctest; sourceTree = BUILT_PRODUCTS_DIR; };
		730AEE842954A36900291946 /* CoffeAppUIKitTests.swift */ = {isa = PBXFileReference; lastKnownFileType = sourcecode.swift; path = CoffeAppUIKitTests.swift; sourceTree = "<group>"; };
		730AEE8A2954A36900291946 /* CoffeAppUIKitUITests.xctest */ = {isa = PBXFileReference; explicitFileType = wrapper.cfbundle; includeInIndex = 0; path = CoffeAppUIKitUITests.xctest; sourceTree = BUILT_PRODUCTS_DIR; };
		730AEE8E2954A36900291946 /* CoffeAppUIKitUITests.swift */ = {isa = PBXFileReference; lastKnownFileType = sourcecode.swift; path = CoffeAppUIKitUITests.swift; sourceTree = "<group>"; };
		730AEE902954A36900291946 /* CoffeAppUIKitUITestsLaunchTests.swift */ = {isa = PBXFileReference; lastKnownFileType = sourcecode.swift; path = CoffeAppUIKitUITestsLaunchTests.swift; sourceTree = "<group>"; };
		730AEEA32954A7CC00291946 /* ColorManager.swift */ = {isa = PBXFileReference; lastKnownFileType = sourcecode.swift; path = ColorManager.swift; sourceTree = "<group>"; };
		730AEEA62954ABFB00291946 /* +UIColor.swift */ = {isa = PBXFileReference; lastKnownFileType = sourcecode.swift; path = "+UIColor.swift"; sourceTree = "<group>"; };
		730AEEA82954AF3E00291946 /* WelcomeViewController.swift */ = {isa = PBXFileReference; lastKnownFileType = sourcecode.swift; path = WelcomeViewController.swift; sourceTree = "<group>"; };
		730AEEA92954AF3E00291946 /* WelcomeViewController.xib */ = {isa = PBXFileReference; lastKnownFileType = file.xib; path = WelcomeViewController.xib; sourceTree = "<group>"; };
		73B0AF97295645E00068AFD5 /* CoffeesTableViewCell.swift */ = {isa = PBXFileReference; lastKnownFileType = sourcecode.swift; path = CoffeesTableViewCell.swift; sourceTree = "<group>"; };
		73B0AF98295645E00068AFD5 /* CoffeesTableViewCell.xib */ = {isa = PBXFileReference; lastKnownFileType = file.xib; path = CoffeesTableViewCell.xib; sourceTree = "<group>"; };
		73FFD8592958AA200062ABBA /* CoffeView.swift */ = {isa = PBXFileReference; lastKnownFileType = sourcecode.swift; path = CoffeView.swift; sourceTree = "<group>"; };
		73FFD85B2958BAB20062ABBA /* Coffee.swift */ = {isa = PBXFileReference; lastKnownFileType = sourcecode.swift; path = Coffee.swift; sourceTree = "<group>"; };
		73FFD85D2958BDA60062ABBA /* CoffeeScrollView.swift */ = {isa = PBXFileReference; lastKnownFileType = sourcecode.swift; path = CoffeeScrollView.swift; sourceTree = "<group>"; };
/* End PBXFileReference section */

/* Begin PBXFrameworksBuildPhase section */
		730AEE672954A36800291946 /* Frameworks */ = {
			isa = PBXFrameworksBuildPhase;
			buildActionMask = 2147483647;
			files = (
			);
			runOnlyForDeploymentPostprocessing = 0;
		};
		730AEE7D2954A36900291946 /* Frameworks */ = {
			isa = PBXFrameworksBuildPhase;
			buildActionMask = 2147483647;
			files = (
			);
			runOnlyForDeploymentPostprocessing = 0;
		};
		730AEE872954A36900291946 /* Frameworks */ = {
			isa = PBXFrameworksBuildPhase;
			buildActionMask = 2147483647;
			files = (
			);
			runOnlyForDeploymentPostprocessing = 0;
		};
/* End PBXFrameworksBuildPhase section */

/* Begin PBXGroup section */
		7309812A2954BD1100249EB0 /* Localizable */ = {
			isa = PBXGroup;
			children = (
				7309812F2954BD6B00249EB0 /* Localizable.strings */,
			);
			path = Localizable;
			sourceTree = "<group>";
		};
		730981332954C3F800249EB0 /* Core */ = {
			isa = PBXGroup;
			children = (
				730981342954C43600249EB0 /* CoreTabBarController.swift */,
				7309813C2954C64800249EB0 /* ViewControllers */,
				7309814D2955F41C00249EB0 /* TableViewCells */,
				73FFD8592958AA200062ABBA /* CoffeView.swift */,
				73FFD85D2958BDA60062ABBA /* CoffeeScrollView.swift */,
			);
			path = Core;
			sourceTree = "<group>";
		};
		730981362954C60100249EB0 /* Core */ = {
			isa = PBXGroup;
			children = (
				730981372954C62400249EB0 /* ViewControllers */,
				7309814E2955F42F00249EB0 /* TableViewCells */,
			);
			path = Core;
			sourceTree = "<group>";
		};
		730981372954C62400249EB0 /* ViewControllers */ = {
			isa = PBXGroup;
			children = (
				730981392954C63C00249EB0 /* HomeViewController.xib */,
				7309813E2954C67500249EB0 /* LovedViewController.xib */,
				730981422954C68800249EB0 /* CartViewController.xib */,
				730981462954C69E00249EB0 /* NotificationViewController.xib */,
				7309814A2954C6AF00249EB0 /* ProfileViewController.xib */,
			);
			path = ViewControllers;
			sourceTree = "<group>";
		};
		7309813C2954C64800249EB0 /* ViewControllers */ = {
			isa = PBXGroup;
			children = (
				730981382954C63C00249EB0 /* HomeViewController.swift */,
				7309813D2954C67500249EB0 /* LovedViewController.swift */,
				730981412954C68800249EB0 /* CartViewController.swift */,
				730981452954C69E00249EB0 /* NotificationViewController.swift */,
				730981492954C6AF00249EB0 /* ProfileViewController.swift */,
			);
			path = ViewControllers;
			sourceTree = "<group>";
		};
		7309814D2955F41C00249EB0 /* TableViewCells */ = {
			isa = PBXGroup;
			children = (
				7309814F2955F4A500249EB0 /* FindTheBestTableViewCell.swift */,
				73B0AF97295645E00068AFD5 /* CoffeesTableViewCell.swift */,
			);
			path = TableViewCells;
			sourceTree = "<group>";
		};
		7309814E2955F42F00249EB0 /* TableViewCells */ = {
			isa = PBXGroup;
			children = (
				730981502955F4A500249EB0 /* FindTheBestTableViewCell.xib */,
				73B0AF98295645E00068AFD5 /* CoffeesTableViewCell.xib */,
			);
			path = TableViewCells;
			sourceTree = "<group>";
		};
		730AEE612954A36800291946 = {
			isa = PBXGroup;
			children = (
				730AEE6C2954A36800291946 /* CoffeAppUIKit */,
				730AEE832954A36900291946 /* CoffeAppUIKitTests */,
				730AEE8D2954A36900291946 /* CoffeAppUIKitUITests */,
				730AEE6B2954A36800291946 /* Products */,
			);
			sourceTree = "<group>";
		};
		730AEE6B2954A36800291946 /* Products */ = {
			isa = PBXGroup;
			children = (
				730AEE6A2954A36800291946 /* CoffeAppUIKit.app */,
				730AEE802954A36900291946 /* CoffeAppUIKitTests.xctest */,
				730AEE8A2954A36900291946 /* CoffeAppUIKitUITests.xctest */,
			);
			name = Products;
			sourceTree = "<group>";
		};
		730AEE6C2954A36800291946 /* CoffeAppUIKit */ = {
			isa = PBXGroup;
			children = (
				730AEEA52954ABE000291946 /* Extension */,
				730AEE9D2954A64300291946 /* Resources */,
				730AEEA22954A7B500291946 /* Managers */,
				730AEE9E2954A67E00291946 /* Model */,
				730AEE9F2954A68400291946 /* View */,
				730AEEA02954A68C00291946 /* Controller */,
				730AEE7B2954A36900291946 /* Info.plist */,
			);
			path = CoffeAppUIKit;
			sourceTree = "<group>";
		};
		730AEE832954A36900291946 /* CoffeAppUIKitTests */ = {
			isa = PBXGroup;
			children = (
				730AEE842954A36900291946 /* CoffeAppUIKitTests.swift */,
			);
			path = CoffeAppUIKitTests;
			sourceTree = "<group>";
		};
		730AEE8D2954A36900291946 /* CoffeAppUIKitUITests */ = {
			isa = PBXGroup;
			children = (
				730AEE8E2954A36900291946 /* CoffeAppUIKitUITests.swift */,
				730AEE902954A36900291946 /* CoffeAppUIKitUITestsLaunchTests.swift */,
			);
			path = CoffeAppUIKitUITests;
			sourceTree = "<group>";
		};
		730AEE9D2954A64300291946 /* Resources */ = {
			isa = PBXGroup;
			children = (
				730AEE6F2954A36800291946 /* SceneDelegate.swift */,
				730AEE6D2954A36800291946 /* AppDelegate.swift */,
				730AEE762954A36900291946 /* Assets.xcassets */,
			);
			path = Resources;
			sourceTree = "<group>";
		};
		730AEE9E2954A67E00291946 /* Model */ = {
			isa = PBXGroup;
			children = (
				73FFD85B2958BAB20062ABBA /* Coffee.swift */,
			);
			path = Model;
			sourceTree = "<group>";
		};
		730AEE9F2954A68400291946 /* View */ = {
			isa = PBXGroup;
			children = (
				730AEEA92954AF3E00291946 /* WelcomeViewController.xib */,
				730AEEA12954A6B100291946 /* Storyboard */,
				7309812A2954BD1100249EB0 /* Localizable */,
				730981362954C60100249EB0 /* Core */,
			);
			path = View;
			sourceTree = "<group>";
		};
		730AEEA02954A68C00291946 /* Controller */ = {
			isa = PBXGroup;
			children = (
				730AEEA82954AF3E00291946 /* WelcomeViewController.swift */,
				730981332954C3F800249EB0 /* Core */,
			);
			path = Controller;
			sourceTree = "<group>";
		};
		730AEEA12954A6B100291946 /* Storyboard */ = {
			isa = PBXGroup;
			children = (
				730AEE782954A36900291946 /* LaunchScreen.storyboard */,
			);
			path = Storyboard;
			sourceTree = "<group>";
		};
		730AEEA22954A7B500291946 /* Managers */ = {
			isa = PBXGroup;
			children = (
				730AEEA32954A7CC00291946 /* ColorManager.swift */,
				730981272954B3E100249EB0 /* AssetsManager.swift */,
				730981312954BDE800249EB0 /* LocalizableManager.swift */,
			);
			path = Managers;
			sourceTree = "<group>";
		};
		730AEEA52954ABE000291946 /* Extension */ = {
			isa = PBXGroup;
			children = (
				730AEEA62954ABFB00291946 /* +UIColor.swift */,
				7309815329560E0100249EB0 /* +UITextFiled.swift */,
			);
			path = Extension;
			sourceTree = "<group>";
		};
/* End PBXGroup section */

/* Begin PBXNativeTarget section */
		730AEE692954A36800291946 /* CoffeAppUIKit */ = {
			isa = PBXNativeTarget;
			buildConfigurationList = 730AEE942954A36900291946 /* Build configuration list for PBXNativeTarget "CoffeAppUIKit" */;
			buildPhases = (
				730AEE662954A36800291946 /* Sources */,
				730AEE672954A36800291946 /* Frameworks */,
				730AEE682954A36800291946 /* Resources */,
			);
			buildRules = (
			);
			dependencies = (
			);
			name = CoffeAppUIKit;
			productName = CoffeAppUIKit;
			productReference = 730AEE6A2954A36800291946 /* CoffeAppUIKit.app */;
			productType = "com.apple.product-type.application";
		};
		730AEE7F2954A36900291946 /* CoffeAppUIKitTests */ = {
			isa = PBXNativeTarget;
			buildConfigurationList = 730AEE972954A36900291946 /* Build configuration list for PBXNativeTarget "CoffeAppUIKitTests" */;
			buildPhases = (
				730AEE7C2954A36900291946 /* Sources */,
				730AEE7D2954A36900291946 /* Frameworks */,
				730AEE7E2954A36900291946 /* Resources */,
			);
			buildRules = (
			);
			dependencies = (
				730AEE822954A36900291946 /* PBXTargetDependency */,
			);
			name = CoffeAppUIKitTests;
			productName = CoffeAppUIKitTests;
			productReference = 730AEE802954A36900291946 /* CoffeAppUIKitTests.xctest */;
			productType = "com.apple.product-type.bundle.unit-test";
		};
		730AEE892954A36900291946 /* CoffeAppUIKitUITests */ = {
			isa = PBXNativeTarget;
			buildConfigurationList = 730AEE9A2954A36900291946 /* Build configuration list for PBXNativeTarget "CoffeAppUIKitUITests" */;
			buildPhases = (
				730AEE862954A36900291946 /* Sources */,
				730AEE872954A36900291946 /* Frameworks */,
				730AEE882954A36900291946 /* Resources */,
			);
			buildRules = (
			);
			dependencies = (
				730AEE8C2954A36900291946 /* PBXTargetDependency */,
			);
			name = CoffeAppUIKitUITests;
			productName = CoffeAppUIKitUITests;
			productReference = 730AEE8A2954A36900291946 /* CoffeAppUIKitUITests.xctest */;
			productType = "com.apple.product-type.bundle.ui-testing";
		};
/* End PBXNativeTarget section */

/* Begin PBXProject section */
		730AEE622954A36800291946 /* Project object */ = {
			isa = PBXProject;
			attributes = {
				BuildIndependentTargetsInParallel = 1;
				LastSwiftUpdateCheck = 1400;
				LastUpgradeCheck = 1400;
				TargetAttributes = {
					730AEE692954A36800291946 = {
						CreatedOnToolsVersion = 14.0.1;
					};
					730AEE7F2954A36900291946 = {
						CreatedOnToolsVersion = 14.0.1;
						TestTargetID = 730AEE692954A36800291946;
					};
					730AEE892954A36900291946 = {
						CreatedOnToolsVersion = 14.0.1;
						TestTargetID = 730AEE692954A36800291946;
					};
				};
			};
			buildConfigurationList = 730AEE652954A36800291946 /* Build configuration list for PBXProject "CoffeAppUIKit" */;
			compatibilityVersion = "Xcode 14.0";
			developmentRegion = en;
			hasScannedForEncodings = 0;
			knownRegions = (
				en,
				Base,
				ar,
			);
			mainGroup = 730AEE612954A36800291946;
			productRefGroup = 730AEE6B2954A36800291946 /* Products */;
			projectDirPath = "";
			projectRoot = "";
			targets = (
				730AEE692954A36800291946 /* CoffeAppUIKit */,
				730AEE7F2954A36900291946 /* CoffeAppUIKitTests */,
				730AEE892954A36900291946 /* CoffeAppUIKitUITests */,
			);
		};
/* End PBXProject section */

/* Begin PBXResourcesBuildPhase section */
		730AEE682954A36800291946 /* Resources */ = {
			isa = PBXResourcesBuildPhase;
			buildActionMask = 2147483647;
			files = (
				73B0AF9A295645E00068AFD5 /* CoffeesTableViewCell.xib in Resources */,
				7309814C2954C6AF00249EB0 /* ProfileViewController.xib in Resources */,
				730AEE7A2954A36900291946 /* LaunchScreen.storyboard in Resources */,
				730981402954C67500249EB0 /* LovedViewController.xib in Resources */,
				7309812D2954BD6B00249EB0 /* Localizable.strings in Resources */,
				7309813B2954C63C00249EB0 /* HomeViewController.xib in Resources */,
				730AEE772954A36900291946 /* Assets.xcassets in Resources */,
				730981522955F4A600249EB0 /* FindTheBestTableViewCell.xib in Resources */,
				730981482954C69E00249EB0 /* NotificationViewController.xib in Resources */,
				730981442954C68800249EB0 /* CartViewController.xib in Resources */,
				730AEEAB2954AF3E00291946 /* WelcomeViewController.xib in Resources */,
			);
			runOnlyForDeploymentPostprocessing = 0;
		};
		730AEE7E2954A36900291946 /* Resources */ = {
			isa = PBXResourcesBuildPhase;
			buildActionMask = 2147483647;
			files = (
			);
			runOnlyForDeploymentPostprocessing = 0;
		};
		730AEE882954A36900291946 /* Resources */ = {
			isa = PBXResourcesBuildPhase;
			buildActionMask = 2147483647;
			files = (
			);
			runOnlyForDeploymentPostprocessing = 0;
		};
/* End PBXResourcesBuildPhase section */

/* Begin PBXSourcesBuildPhase section */
		730AEE662954A36800291946 /* Sources */ = {
			isa = PBXSourcesBuildPhase;
			buildActionMask = 2147483647;
			files = (
				730AEE6E2954A36800291946 /* AppDelegate.swift in Sources */,
				73FFD85C2958BAB20062ABBA /* Coffee.swift in Sources */,
				730AEEAA2954AF3E00291946 /* WelcomeViewController.swift in Sources */,
				730981472954C69E00249EB0 /* NotificationViewController.swift in Sources */,
				73B0AF99295645E00068AFD5 /* CoffeesTableViewCell.swift in Sources */,
				73FFD85A2958AA200062ABBA /* CoffeView.swift in Sources */,
				730981282954B3E100249EB0 /* AssetsManager.swift in Sources */,
				73FFD85E2958BDA60062ABBA /* CoffeeScrollView.swift in Sources */,
				7309813F2954C67500249EB0 /* LovedViewController.swift in Sources */,
				7309815429560E0100249EB0 /* +UITextFiled.swift in Sources */,
				730AEEA72954ABFB00291946 /* +UIColor.swift in Sources */,
				730981512955F4A600249EB0 /* FindTheBestTableViewCell.swift in Sources */,
				730AEE702954A36800291946 /* SceneDelegate.swift in Sources */,
				7309813A2954C63C00249EB0 /* HomeViewController.swift in Sources */,
				730981432954C68800249EB0 /* CartViewController.swift in Sources */,
				730981322954BDE800249EB0 /* LocalizableManager.swift in Sources */,
				7309814B2954C6AF00249EB0 /* ProfileViewController.swift in Sources */,
				730981352954C43600249EB0 /* CoreTabBarController.swift in Sources */,
				730AEEA42954A7CC00291946 /* ColorManager.swift in Sources */,
			);
			runOnlyForDeploymentPostprocessing = 0;
		};
		730AEE7C2954A36900291946 /* Sources */ = {
			isa = PBXSourcesBuildPhase;
			buildActionMask = 2147483647;
			files = (
				730AEE852954A36900291946 /* CoffeAppUIKitTests.swift in Sources */,
			);
			runOnlyForDeploymentPostprocessing = 0;
		};
		730AEE862954A36900291946 /* Sources */ = {
			isa = PBXSourcesBuildPhase;
			buildActionMask = 2147483647;
			files = (
				730AEE8F2954A36900291946 /* CoffeAppUIKitUITests.swift in Sources */,
				730AEE912954A36900291946 /* CoffeAppUIKitUITestsLaunchTests.swift in Sources */,
			);
			runOnlyForDeploymentPostprocessing = 0;
		};
/* End PBXSourcesBuildPhase section */

/* Begin PBXTargetDependency section */
		730AEE822954A36900291946 /* PBXTargetDependency */ = {
			isa = PBXTargetDependency;
			target = 730AEE692954A36800291946 /* CoffeAppUIKit */;
			targetProxy = 730AEE812954A36900291946 /* PBXContainerItemProxy */;
		};
		730AEE8C2954A36900291946 /* PBXTargetDependency */ = {
			isa = PBXTargetDependency;
			target = 730AEE692954A36800291946 /* CoffeAppUIKit */;
			targetProxy = 730AEE8B2954A36900291946 /* PBXContainerItemProxy */;
		};
/* End PBXTargetDependency section */

/* Begin PBXVariantGroup section */
		7309812F2954BD6B00249EB0 /* Localizable.strings */ = {
			isa = PBXVariantGroup;
			children = (
				7309812E2954BD6B00249EB0 /* ar */,
				730981302954BD6E00249EB0 /* en */,
			);
			name = Localizable.strings;
			sourceTree = "<group>";
		};
		730AEE782954A36900291946 /* LaunchScreen.storyboard */ = {
			isa = PBXVariantGroup;
			children = (
				730AEE792954A36900291946 /* Base */,
				730981292954BCDD00249EB0 /* ar */,
			);
			name = LaunchScreen.storyboard;
			sourceTree = "<group>";
		};
/* End PBXVariantGroup section */

/* Begin XCBuildConfiguration section */
		730AEE922954A36900291946 /* Debug */ = {
			isa = XCBuildConfiguration;
			buildSettings = {
				ALWAYS_SEARCH_USER_PATHS = NO;
				CLANG_ANALYZER_LOCALIZABILITY_NONLOCALIZED = YES;
				CLANG_ANALYZER_NONNULL = YES;
				CLANG_ANALYZER_NUMBER_OBJECT_CONVERSION = YES_AGGRESSIVE;
				CLANG_CXX_LANGUAGE_STANDARD = "gnu++20";
				CLANG_ENABLE_MODULES = YES;
				CLANG_ENABLE_OBJC_ARC = YES;
				CLANG_ENABLE_OBJC_WEAK = YES;
				CLANG_WARN_BLOCK_CAPTURE_AUTORELEASING = YES;
				CLANG_WARN_BOOL_CONVERSION = YES;
				CLANG_WARN_COMMA = YES;
				CLANG_WARN_CONSTANT_CONVERSION = YES;
				CLANG_WARN_DEPRECATED_OBJC_IMPLEMENTATIONS = YES;
				CLANG_WARN_DIRECT_OBJC_ISA_USAGE = YES_ERROR;
				CLANG_WARN_DOCUMENTATION_COMMENTS = YES;
				CLANG_WARN_EMPTY_BODY = YES;
				CLANG_WARN_ENUM_CONVERSION = YES;
				CLANG_WARN_INFINITE_RECURSION = YES;
				CLANG_WARN_INT_CONVERSION = YES;
				CLANG_WARN_NON_LITERAL_NULL_CONVERSION = YES;
				CLANG_WARN_OBJC_IMPLICIT_RETAIN_SELF = YES;
				CLANG_WARN_OBJC_LITERAL_CONVERSION = YES;
				CLANG_WARN_OBJC_ROOT_CLASS = YES_ERROR;
				CLANG_WARN_QUOTED_INCLUDE_IN_FRAMEWORK_HEADER = YES;
				CLANG_WARN_RANGE_LOOP_ANALYSIS = YES;
				CLANG_WARN_STRICT_PROTOTYPES = YES;
				CLANG_WARN_SUSPICIOUS_MOVE = YES;
				CLANG_WARN_UNGUARDED_AVAILABILITY = YES_AGGRESSIVE;
				CLANG_WARN_UNREACHABLE_CODE = YES;
				CLANG_WARN__DUPLICATE_METHOD_MATCH = YES;
				COPY_PHASE_STRIP = NO;
				DEBUG_INFORMATION_FORMAT = dwarf;
				ENABLE_STRICT_OBJC_MSGSEND = YES;
				ENABLE_TESTABILITY = YES;
				GCC_C_LANGUAGE_STANDARD = gnu11;
				GCC_DYNAMIC_NO_PIC = NO;
				GCC_NO_COMMON_BLOCKS = YES;
				GCC_OPTIMIZATION_LEVEL = 0;
				GCC_PREPROCESSOR_DEFINITIONS = (
					"DEBUG=1",
					"$(inherited)",
				);
				GCC_WARN_64_TO_32_BIT_CONVERSION = YES;
				GCC_WARN_ABOUT_RETURN_TYPE = YES_ERROR;
				GCC_WARN_UNDECLARED_SELECTOR = YES;
				GCC_WARN_UNINITIALIZED_AUTOS = YES_AGGRESSIVE;
				GCC_WARN_UNUSED_FUNCTION = YES;
				GCC_WARN_UNUSED_VARIABLE = YES;
				IPHONEOS_DEPLOYMENT_TARGET = 16.0;
				MTL_ENABLE_DEBUG_INFO = INCLUDE_SOURCE;
				MTL_FAST_MATH = YES;
				ONLY_ACTIVE_ARCH = YES;
				SDKROOT = iphoneos;
				SWIFT_ACTIVE_COMPILATION_CONDITIONS = DEBUG;
				SWIFT_OPTIMIZATION_LEVEL = "-Onone";
			};
			name = Debug;
		};
		730AEE932954A36900291946 /* Release */ = {
			isa = XCBuildConfiguration;
			buildSettings = {
				ALWAYS_SEARCH_USER_PATHS = NO;
				CLANG_ANALYZER_LOCALIZABILITY_NONLOCALIZED = YES;
				CLANG_ANALYZER_NONNULL = YES;
				CLANG_ANALYZER_NUMBER_OBJECT_CONVERSION = YES_AGGRESSIVE;
				CLANG_CXX_LANGUAGE_STANDARD = "gnu++20";
				CLANG_ENABLE_MODULES = YES;
				CLANG_ENABLE_OBJC_ARC = YES;
				CLANG_ENABLE_OBJC_WEAK = YES;
				CLANG_WARN_BLOCK_CAPTURE_AUTORELEASING = YES;
				CLANG_WARN_BOOL_CONVERSION = YES;
				CLANG_WARN_COMMA = YES;
				CLANG_WARN_CONSTANT_CONVERSION = YES;
				CLANG_WARN_DEPRECATED_OBJC_IMPLEMENTATIONS = YES;
				CLANG_WARN_DIRECT_OBJC_ISA_USAGE = YES_ERROR;
				CLANG_WARN_DOCUMENTATION_COMMENTS = YES;
				CLANG_WARN_EMPTY_BODY = YES;
				CLANG_WARN_ENUM_CONVERSION = YES;
				CLANG_WARN_INFINITE_RECURSION = YES;
				CLANG_WARN_INT_CONVERSION = YES;
				CLANG_WARN_NON_LITERAL_NULL_CONVERSION = YES;
				CLANG_WARN_OBJC_IMPLICIT_RETAIN_SELF = YES;
				CLANG_WARN_OBJC_LITERAL_CONVERSION = YES;
				CLANG_WARN_OBJC_ROOT_CLASS = YES_ERROR;
				CLANG_WARN_QUOTED_INCLUDE_IN_FRAMEWORK_HEADER = YES;
				CLANG_WARN_RANGE_LOOP_ANALYSIS = YES;
				CLANG_WARN_STRICT_PROTOTYPES = YES;
				CLANG_WARN_SUSPICIOUS_MOVE = YES;
				CLANG_WARN_UNGUARDED_AVAILABILITY = YES_AGGRESSIVE;
				CLANG_WARN_UNREACHABLE_CODE = YES;
				CLANG_WARN__DUPLICATE_METHOD_MATCH = YES;
				COPY_PHASE_STRIP = NO;
				DEBUG_INFORMATION_FORMAT = "dwarf-with-dsym";
				ENABLE_NS_ASSERTIONS = NO;
				ENABLE_STRICT_OBJC_MSGSEND = YES;
				GCC_C_LANGUAGE_STANDARD = gnu11;
				GCC_NO_COMMON_BLOCKS = YES;
				GCC_WARN_64_TO_32_BIT_CONVERSION = YES;
				GCC_WARN_ABOUT_RETURN_TYPE = YES_ERROR;
				GCC_WARN_UNDECLARED_SELECTOR = YES;
				GCC_WARN_UNINITIALIZED_AUTOS = YES_AGGRESSIVE;
				GCC_WARN_UNUSED_FUNCTION = YES;
				GCC_WARN_UNUSED_VARIABLE = YES;
				IPHONEOS_DEPLOYMENT_TARGET = 16.0;
				MTL_ENABLE_DEBUG_INFO = NO;
				MTL_FAST_MATH = YES;
				SDKROOT = iphoneos;
				SWIFT_COMPILATION_MODE = wholemodule;
				SWIFT_OPTIMIZATION_LEVEL = "-O";
				VALIDATE_PRODUCT = YES;
			};
			name = Release;
		};
		730AEE952954A36900291946 /* Debug */ = {
			isa = XCBuildConfiguration;
			buildSettings = {
				ASSETCATALOG_COMPILER_APPICON_NAME = AppIcon;
				ASSETCATALOG_COMPILER_GLOBAL_ACCENT_COLOR_NAME = AccentColor;
				CODE_SIGN_STYLE = Automatic;
				CURRENT_PROJECT_VERSION = 1;
				DEVELOPMENT_TEAM = 4U8DMJ33ZN;
				GENERATE_INFOPLIST_FILE = YES;
				INFOPLIST_FILE = CoffeAppUIKit/Info.plist;
				INFOPLIST_KEY_UIApplicationSupportsIndirectInputEvents = YES;
				INFOPLIST_KEY_UILaunchStoryboardName = LaunchScreen;
				INFOPLIST_KEY_UISupportedInterfaceOrientations_iPad = "UIInterfaceOrientationPortrait UIInterfaceOrientationPortraitUpsideDown UIInterfaceOrientationLandscapeLeft UIInterfaceOrientationLandscapeRight";
				INFOPLIST_KEY_UISupportedInterfaceOrientations_iPhone = "UIInterfaceOrientationPortrait UIInterfaceOrientationLandscapeLeft UIInterfaceOrientationLandscapeRight";
				LD_RUNPATH_SEARCH_PATHS = (
					"$(inherited)",
					"@executable_path/Frameworks",
				);
				MARKETING_VERSION = 1.0;
				PRODUCT_BUNDLE_IDENTIFIER = yamany.CoffeAppUIKit;
				PRODUCT_NAME = "$(TARGET_NAME)";
				SWIFT_EMIT_LOC_STRINGS = YES;
				SWIFT_VERSION = 5.0;
				TARGETED_DEVICE_FAMILY = "1,2";
			};
			name = Debug;
		};
		730AEE962954A36900291946 /* Release */ = {
			isa = XCBuildConfiguration;
			buildSettings = {
				ASSETCATALOG_COMPILER_APPICON_NAME = AppIcon;
				ASSETCATALOG_COMPILER_GLOBAL_ACCENT_COLOR_NAME = AccentColor;
				CODE_SIGN_STYLE = Automatic;
				CURRENT_PROJECT_VERSION = 1;
				DEVELOPMENT_TEAM = 4U8DMJ33ZN;
				GENERATE_INFOPLIST_FILE = YES;
				INFOPLIST_FILE = CoffeAppUIKit/Info.plist;
				INFOPLIST_KEY_UIApplicationSupportsIndirectInputEvents = YES;
				INFOPLIST_KEY_UILaunchStoryboardName = LaunchScreen;
				INFOPLIST_KEY_UISupportedInterfaceOrientations_iPad = "UIInterfaceOrientationPortrait UIInterfaceOrientationPortraitUpsideDown UIInterfaceOrientationLandscapeLeft UIInterfaceOrientationLandscapeRight";
				INFOPLIST_KEY_UISupportedInterfaceOrientations_iPhone = "UIInterfaceOrientationPortrait UIInterfaceOrientationLandscapeLeft UIInterfaceOrientationLandscapeRight";
				LD_RUNPATH_SEARCH_PATHS = (
					"$(inherited)",
					"@executable_path/Frameworks",
				);
				MARKETING_VERSION = 1.0;
				PRODUCT_BUNDLE_IDENTIFIER = yamany.CoffeAppUIKit;
				PRODUCT_NAME = "$(TARGET_NAME)";
				SWIFT_EMIT_LOC_STRINGS = YES;
				SWIFT_VERSION = 5.0;
				TARGETED_DEVICE_FAMILY = "1,2";
			};
			name = Release;
		};
		730AEE982954A36900291946 /* Debug */ = {
			isa = XCBuildConfiguration;
			buildSettings = {
				ALWAYS_EMBED_SWIFT_STANDARD_LIBRARIES = YES;
				BUNDLE_LOADER = "$(TEST_HOST)";
				CODE_SIGN_STYLE = Automatic;
				CURRENT_PROJECT_VERSION = 1;
				DEVELOPMENT_TEAM = 4U8DMJ33ZN;
				GENERATE_INFOPLIST_FILE = YES;
				IPHONEOS_DEPLOYMENT_TARGET = 16.0;
				MARKETING_VERSION = 1.0;
				PRODUCT_BUNDLE_IDENTIFIER = yamany.CoffeAppUIKitTests;
				PRODUCT_NAME = "$(TARGET_NAME)";
				SWIFT_EMIT_LOC_STRINGS = NO;
				SWIFT_VERSION = 5.0;
				TARGETED_DEVICE_FAMILY = "1,2";
				TEST_HOST = "$(BUILT_PRODUCTS_DIR)/CoffeAppUIKit.app/$(BUNDLE_EXECUTABLE_FOLDER_PATH)/CoffeAppUIKit";
			};
			name = Debug;
		};
		730AEE992954A36900291946 /* Release */ = {
			isa = XCBuildConfiguration;
			buildSettings = {
				ALWAYS_EMBED_SWIFT_STANDARD_LIBRARIES = YES;
				BUNDLE_LOADER = "$(TEST_HOST)";
				CODE_SIGN_STYLE = Automatic;
				CURRENT_PROJECT_VERSION = 1;
				DEVELOPMENT_TEAM = 4U8DMJ33ZN;
				GENERATE_INFOPLIST_FILE = YES;
				IPHONEOS_DEPLOYMENT_TARGET = 16.0;
				MARKETING_VERSION = 1.0;
				PRODUCT_BUNDLE_IDENTIFIER = yamany.CoffeAppUIKitTests;
				PRODUCT_NAME = "$(TARGET_NAME)";
				SWIFT_EMIT_LOC_STRINGS = NO;
				SWIFT_VERSION = 5.0;
				TARGETED_DEVICE_FAMILY = "1,2";
				TEST_HOST = "$(BUILT_PRODUCTS_DIR)/CoffeAppUIKit.app/$(BUNDLE_EXECUTABLE_FOLDER_PATH)/CoffeAppUIKit";
			};
			name = Release;
		};
		730AEE9B2954A36900291946 /* Debug */ = {
			isa = XCBuildConfiguration;
			buildSettings = {
				ALWAYS_EMBED_SWIFT_STANDARD_LIBRARIES = YES;
				CODE_SIGN_STYLE = Automatic;
				CURRENT_PROJECT_VERSION = 1;
				DEVELOPMENT_TEAM = 4U8DMJ33ZN;
				GENERATE_INFOPLIST_FILE = YES;
				MARKETING_VERSION = 1.0;
				PRODUCT_BUNDLE_IDENTIFIER = yamany.CoffeAppUIKitUITests;
				PRODUCT_NAME = "$(TARGET_NAME)";
				SWIFT_EMIT_LOC_STRINGS = NO;
				SWIFT_VERSION = 5.0;
				TARGETED_DEVICE_FAMILY = "1,2";
				TEST_TARGET_NAME = CoffeAppUIKit;
			};
			name = Debug;
		};
		730AEE9C2954A36900291946 /* Release */ = {
			isa = XCBuildConfiguration;
			buildSettings = {
				ALWAYS_EMBED_SWIFT_STANDARD_LIBRARIES = YES;
				CODE_SIGN_STYLE = Automatic;
				CURRENT_PROJECT_VERSION = 1;
				DEVELOPMENT_TEAM = 4U8DMJ33ZN;
				GENERATE_INFOPLIST_FILE = YES;
				MARKETING_VERSION = 1.0;
				PRODUCT_BUNDLE_IDENTIFIER = yamany.CoffeAppUIKitUITests;
				PRODUCT_NAME = "$(TARGET_NAME)";
				SWIFT_EMIT_LOC_STRINGS = NO;
				SWIFT_VERSION = 5.0;
				TARGETED_DEVICE_FAMILY = "1,2";
				TEST_TARGET_NAME = CoffeAppUIKit;
			};
			name = Release;
		};
/* End XCBuildConfiguration section */

/* Begin XCConfigurationList section */
		730AEE652954A36800291946 /* Build configuration list for PBXProject "CoffeAppUIKit" */ = {
			isa = XCConfigurationList;
			buildConfigurations = (
				730AEE922954A36900291946 /* Debug */,
				730AEE932954A36900291946 /* Release */,
			);
			defaultConfigurationIsVisible = 0;
			defaultConfigurationName = Release;
		};
		730AEE942954A36900291946 /* Build configuration list for PBXNativeTarget "CoffeAppUIKit" */ = {
			isa = XCConfigurationList;
			buildConfigurations = (
				730AEE952954A36900291946 /* Debug */,
				730AEE962954A36900291946 /* Release */,
			);
			defaultConfigurationIsVisible = 0;
			defaultConfigurationName = Release;
		};
		730AEE972954A36900291946 /* Build configuration list for PBXNativeTarget "CoffeAppUIKitTests" */ = {
			isa = XCConfigurationList;
			buildConfigurations = (
				730AEE982954A36900291946 /* Debug */,
				730AEE992954A36900291946 /* Release */,
			);
			defaultConfigurationIsVisible = 0;
			defaultConfigurationName = Release;
		};
		730AEE9A2954A36900291946 /* Build configuration list for PBXNativeTarget "CoffeAppUIKitUITests" */ = {
			isa = XCConfigurationList;
			buildConfigurations = (
				730AEE9B2954A36900291946 /* Debug */,
				730AEE9C2954A36900291946 /* Release */,
			);
			defaultConfigurationIsVisible = 0;
			defaultConfigurationName = Release;
		};
/* End XCConfigurationList section */
	};
	rootObject = 730AEE622954A36800291946 /* Project object */;
}
